
Microsoft Visual Studio Solution File, Format Version 12.00
# Visual Studio Version 17
VisualStudioVersion = 17.0.31903.59
MinimumVisualStudioVersion = 10.0.40219.1
Project("{FAE04EC0-301F-11D3-BF4B-00C04F79EFBC}") = "InventoryApp", "Website\InventoryApp.csproj", "{B4676C18-52DD-40C2-B1FE-CA5D2EEC2FDF}"
EndProject
Project("{FAE04EC0-301F-11D3-BF4B-00C04F79EFBC}") = "InventorySystem", "InventorySystem\InventorySystem.csproj", "{05AAA7A6-7B46-403E-952C-298D1F04EB65}"
EndProject
Project("{2150E333-8FDC-42A3-9474-1A3956D46DE8}") = "About", "About", "{83E1C4BB-1F51-4D9B-941B-52A07D07ED33}"
	ProjectSection(SolutionItems) = preProject
		ReadMe.md = ReadMe.md
	EndProjectSection
EndProject
Global
	GlobalSection(SolutionConfigurationPlatforms) = preSolution
		Debug|Any CPU = Debug|Any CPU
		Release|Any CPU = Release|Any CPU
	EndGlobalSection
	GlobalSection(ProjectConfigurationPlatforms) = postSolution
		{B4676C18-52DD-40C2-B1FE-CA5D2EEC2FDF}.Debug|Any CPU.ActiveCfg = Debug|Any CPU
		{B4676C18-52DD-40C2-B1FE-CA5D2EEC2FDF}.Debug|Any CPU.Build.0 = Debug|Any CPU
		{B4676C18-52DD-40C2-B1FE-CA5D2EEC2FDF}.Release|Any CPU.ActiveCfg = Release|Any CPU
		{B4676C18-52DD-40C2-B1FE-CA5D2EEC2FDF}.Release|Any CPU.Build.0 = Release|Any CPU
		{05AAA7A6-7B46-403E-952C-298D1F04EB65}.Debug|Any CPU.ActiveCfg = Debug|Any CPU
		{05AAA7A6-7B46-403E-952C-298D1F04EB65}.Debug|Any CPU.Build.0 = Debug|Any CPU
		{05AAA7A6-7B46-403E-952C-298D1F04EB65}.Release|Any CPU.ActiveCfg = Release|Any CPU
		{05AAA7A6-7B46-403E-952C-298D1F04EB65}.Release|Any CPU.Build.0 = Release|Any CPU
	EndGlobalSection
	GlobalSection(SolutionProperties) = preSolution
		HideSolutionNode = FALSE
	EndGlobalSection
EndGlobal
